
Microsoft Visual Studio Solution File, Format Version 12.00
# Visual Studio Version 17
VisualStudioVersion = 17.2.32616.157
MinimumVisualStudioVersion = 10.0.40219.1
Project("{9A19103F-16F7-4668-BE54-9A1E7A4F7556}") = "fileuploadmc", "fileuploadmc\fileuploadmc.csproj", "{09630F6D-3A6F-4699-9C66-F21224AC3417}"
EndProject
Global
	GlobalSection(SolutionConfigurationPlatforms) = preSolution
		Debug|Any CPU = Debug|Any CPU
		Release|Any CPU = Release|Any CPU
	EndGlobalSection
	GlobalSection(ProjectConfigurationPlatforms) = postSolution
		{09630F6D-3A6F-4699-9C66-F21224AC3417}.Debug|Any CPU.ActiveCfg = Debug|Any CPU
		{09630F6D-3A6F-4699-9C66-F21224AC3417}.Debug|Any CPU.Build.0 = Debug|Any CPU
		{09630F6D-3A6F-4699-9C66-F21224AC3417}.Release|Any CPU.ActiveCfg = Release|Any CPU
		{09630F6D-3A6F-4699-9C66-F21224AC3417}.Release|Any CPU.Build.0 = Release|Any CPU
	EndGlobalSection
	GlobalSection(SolutionProperties) = preSolution
		HideSolutionNode = FALSE
	EndGlobalSection
	GlobalSection(ExtensibilityGlobals) = postSolution
		SolutionGuid = {6E2E686F-B4EE-454B-92CF-F110B519FAA8}
	EndGlobalSection
EndGlobal
